// !$*UTF8*$!
{
	archiveVersion = 1;
	classes = {
	};
	objectVersion = 46;
	objects = {

/* Begin PBXBuildFile section */
		06F9B4A61966036B0049875F /* Foundation.framework in Frameworks */ = {isa = PBXBuildFile; fileRef = 06F9B4A51966036B0049875F /* Foundation.framework */; };
		06F9B4A81966036B0049875F /* CoreGraphics.framework in Frameworks */ = {isa = PBXBuildFile; fileRef = 06F9B4A71966036B0049875F /* CoreGraphics.framework */; };
		06F9B4AA1966036B0049875F /* UIKit.framework in Frameworks */ = {isa = PBXBuildFile; fileRef = 06F9B4A91966036B0049875F /* UIKit.framework */; };
		06F9B4B01966036B0049875F /* InfoPlist.strings in Resources */ = {isa = PBXBuildFile; fileRef = 06F9B4AE1966036B0049875F /* InfoPlist.strings */; };
		06F9B4B21966036B0049875F /* main.m in Sources */ = {isa = PBXBuildFile; fileRef = 06F9B4B11966036B0049875F /* main.m */; };
		06F9B4B61966036B0049875F /* AppDelegate.m in Sources */ = {isa = PBXBuildFile; fileRef = 06F9B4B51966036B0049875F /* AppDelegate.m */; };
		06F9B4B81966036B0049875F /* Images.xcassets in Resources */ = {isa = PBXBuildFile; fileRef = 06F9B4B71966036B0049875F /* Images.xcassets */; };
		06F9B4BF1966036B0049875F /* XCTest.framework in Frameworks */ = {isa = PBXBuildFile; fileRef = 06F9B4BE1966036B0049875F /* XCTest.framework */; };
		06F9B4C01966036B0049875F /* Foundation.framework in Frameworks */ = {isa = PBXBuildFile; fileRef = 06F9B4A51966036B0049875F /* Foundation.framework */; };
		06F9B4C11966036B0049875F /* UIKit.framework in Frameworks */ = {isa = PBXBuildFile; fileRef = 06F9B4A91966036B0049875F /* UIKit.framework */; };
		06F9B4C91966036B0049875F /* InfoPlist.strings in Resources */ = {isa = PBXBuildFile; fileRef = 06F9B4C71966036B0049875F /* InfoPlist.strings */; };
		06F9B4CB1966036B0049875F /* fb_paperTests.m in Sources */ = {isa = PBXBuildFile; fileRef = 06F9B4CA1966036B0049875F /* fb_paperTests.m */; };
		06F9B4D71966038C0049875F /* MainViewController.m in Sources */ = {isa = PBXBuildFile; fileRef = 06F9B4D51966038C0049875F /* MainViewController.m */; };
		06F9B4D81966038C0049875F /* MainViewController.xib in Resources */ = {isa = PBXBuildFile; fileRef = 06F9B4D61966038C0049875F /* MainViewController.xib */; };
/* End PBXBuildFile section */

/* Begin PBXContainerItemProxy section */
		06F9B4C21966036B0049875F /* PBXContainerItemProxy */ = {
			isa = PBXContainerItemProxy;
			containerPortal = 06F9B49A1966036B0049875F /* Project object */;
			proxyType = 1;
			remoteGlobalIDString = 06F9B4A11966036B0049875F;
			remoteInfo = "fb-paper";
		};
/* End PBXContainerItemProxy section */

/* Begin PBXFileReference section */
		06F9B4A21966036B0049875F /* fb-paper.app */ = {isa = PBXFileReference; explicitFileType = wrapper.application; includeInIndex = 0; path = "fb-paper.app"; sourceTree = BUILT_PRODUCTS_DIR; };
		06F9B4A51966036B0049875F /* Foundation.framework */ = {isa = PBXFileReference; lastKnownFileType = wrapper.framework; name = Foundation.framework; path = System/Library/Frameworks/Foundation.framework; sourceTree = SDKROOT; };
		06F9B4A71966036B0049875F /* CoreGraphics.framework */ = {isa = PBXFileReference; lastKnownFileType = wrapper.framework; name = CoreGraphics.framework; path = System/Library/Frameworks/CoreGraphics.framework; sourceTree = SDKROOT; };
		06F9B4A91966036B0049875F /* UIKit.framework */ = {isa = PBXFileReference; lastKnownFileType = wrapper.framework; name = UIKit.framework; path = System/Library/Frameworks/UIKit.framework; sourceTree = SDKROOT; };
		06F9B4AD1966036B0049875F /* fb-paper-Info.plist */ = {isa = PBXFileReference; lastKnownFileType = text.plist.xml; path = "fb-paper-Info.plist"; sourceTree = "<group>"; };
		06F9B4AF1966036B0049875F /* en */ = {isa = PBXFileReference; lastKnownFileType = text.plist.strings; name = en; path = en.lproj/InfoPlist.strings; sourceTree = "<group>"; };
		06F9B4B11966036B0049875F /* main.m */ = {isa = PBXFileReference; lastKnownFileType = sourcecode.c.objc; path = main.m; sourceTree = "<group>"; };
		06F9B4B31966036B0049875F /* fb-paper-Prefix.pch */ = {isa = PBXFileReference; lastKnownFileType = sourcecode.c.h; path = "fb-paper-Prefix.pch"; sourceTree = "<group>"; };
		06F9B4B41966036B0049875F /* AppDelegate.h */ = {isa = PBXFileReference; lastKnownFileType = sourcecode.c.h; path = AppDelegate.h; sourceTree = "<group>"; };
		06F9B4B51966036B0049875F /* AppDelegate.m */ = {isa = PBXFileReference; lastKnownFileType = sourcecode.c.objc; path = AppDelegate.m; sourceTree = "<group>"; };
		06F9B4B71966036B0049875F /* Images.xcassets */ = {isa = PBXFileReference; lastKnownFileType = folder.assetcatalog; path = Images.xcassets; sourceTree = "<group>"; };
		06F9B4BD1966036B0049875F /* fb-paperTests.xctest */ = {isa = PBXFileReference; explicitFileType = wrapper.cfbundle; includeInIndex = 0; path = "fb-paperTests.xctest"; sourceTree = BUILT_PRODUCTS_DIR; };
		06F9B4BE1966036B0049875F /* XCTest.framework */ = {isa = PBXFileReference; lastKnownFileType = wrapper.framework; name = XCTest.framework; path = Library/Frameworks/XCTest.framework; sourceTree = DEVELOPER_DIR; };
		06F9B4C61966036B0049875F /* fb-paperTests-Info.plist */ = {isa = PBXFileReference; lastKnownFileType = text.plist.xml; path = "fb-paperTests-Info.plist"; sourceTree = "<group>"; };
		06F9B4C81966036B0049875F /* en */ = {isa = PBXFileReference; lastKnownFileType = text.plist.strings; name = en; path = en.lproj/InfoPlist.strings; sourceTree = "<group>"; };
		06F9B4CA1966036B0049875F /* fb_paperTests.m */ = {isa = PBXFileReference; lastKnownFileType = sourcecode.c.objc; path = fb_paperTests.m; sourceTree = "<group>"; };
		06F9B4D41966038C0049875F /* MainViewController.h */ = {isa = PBXFileReference; fileEncoding = 4; lastKnownFileType = sourcecode.c.h; name = MainViewController.h; path = ../MainViewController.h; sourceTree = "<group>"; };
		06F9B4D51966038C0049875F /* MainViewController.m */ = {isa = PBXFileReference; fileEncoding = 4; lastKnownFileType = sourcecode.c.objc; name = MainViewController.m; path = ../MainViewController.m; sourceTree = "<group>"; };
		06F9B4D61966038C0049875F /* MainViewController.xib */ = {isa = PBXFileReference; fileEncoding = 4; lastKnownFileType = file.xib; name = MainViewController.xib; path = ../MainViewController.xib; sourceTree = "<group>"; };
/* End PBXFileReference section */

/* Begin PBXFrameworksBuildPhase section */
		06F9B49F1966036B0049875F /* Frameworks */ = {
			isa = PBXFrameworksBuildPhase;
			buildActionMask = 2147483647;
			files = (
				06F9B4A81966036B0049875F /* CoreGraphics.framework in Frameworks */,
				06F9B4AA1966036B0049875F /* UIKit.framework in Frameworks */,
				06F9B4A61966036B0049875F /* Foundation.framework in Frameworks */,
			);
			runOnlyForDeploymentPostprocessing = 0;
		};
		06F9B4BA1966036B0049875F /* Frameworks */ = {
			isa = PBXFrameworksBuildPhase;
			buildActionMask = 2147483647;
			files = (
				06F9B4BF1966036B0049875F /* XCTest.framework in Frameworks */,
				06F9B4C11966036B0049875F /* UIKit.framework in Frameworks */,
				06F9B4C01966036B0049875F /* Foundation.framework in Frameworks */,
			);
			runOnlyForDeploymentPostprocessing = 0;
		};
/* End PBXFrameworksBuildPhase section */

/* Begin PBXGroup section */
		06F9B4991966036B0049875F = {
			isa = PBXGroup;
			children = (
				06F9B4AB1966036B0049875F /* fb-paper */,
				06F9B4C41966036B0049875F /* fb-paperTests */,
				06F9B4A41966036B0049875F /* Frameworks */,
				06F9B4A31966036B0049875F /* Products */,
			);
			sourceTree = "<group>";
		};
		06F9B4A31966036B0049875F /* Products */ = {
			isa = PBXGroup;
			children = (
				06F9B4A21966036B0049875F /* fb-paper.app */,
				06F9B4BD1966036B0049875F /* fb-paperTests.xctest */,
			);
			name = Products;
			sourceTree = "<group>";
		};
		06F9B4A41966036B0049875F /* Frameworks */ = {
			isa = PBXGroup;
			children = (
				06F9B4A51966036B0049875F /* Foundation.framework */,
				06F9B4A71966036B0049875F /* CoreGraphics.framework */,
				06F9B4A91966036B0049875F /* UIKit.framework */,
				06F9B4BE1966036B0049875F /* XCTest.framework */,
			);
			name = Frameworks;
			sourceTree = "<group>";
		};
		06F9B4AB1966036B0049875F /* fb-paper */ = {
			isa = PBXGroup;
			children = (
				06F9B4B41966036B0049875F /* AppDelegate.h */,
				06F9B4B51966036B0049875F /* AppDelegate.m */,
				06F9B4D41966038C0049875F /* MainViewController.h */,
				06F9B4D51966038C0049875F /* MainViewController.m */,
				06F9B4D61966038C0049875F /* MainViewController.xib */,
				06F9B4B71966036B0049875F /* Images.xcassets */,
				06F9B4AC1966036B0049875F /* Supporting Files */,
			);
			path = "fb-paper";
			sourceTree = "<group>";
		};
		06F9B4AC1966036B0049875F /* Supporting Files */ = {
			isa = PBXGroup;
			children = (
				06F9B4AD1966036B0049875F /* fb-paper-Info.plist */,
				06F9B4AE1966036B0049875F /* InfoPlist.strings */,
				06F9B4B11966036B0049875F /* main.m */,
				06F9B4B31966036B0049875F /* fb-paper-Prefix.pch */,
			);
			name = "Supporting Files";
			sourceTree = "<group>";
		};
		06F9B4C41966036B0049875F /* fb-paperTests */ = {
			isa = PBXGroup;
			children = (
				06F9B4CA1966036B0049875F /* fb_paperTests.m */,
				06F9B4C51966036B0049875F /* Supporting Files */,
			);
			path = "fb-paperTests";
			sourceTree = "<group>";
		};
		06F9B4C51966036B0049875F /* Supporting Files */ = {
			isa = PBXGroup;
			children = (
				06F9B4C61966036B0049875F /* fb-paperTests-Info.plist */,
				06F9B4C71966036B0049875F /* InfoPlist.strings */,
			);
			name = "Supporting Files";
			sourceTree = "<group>";
		};
/* End PBXGroup section */

/* Begin PBXNativeTarget section */
		06F9B4A11966036B0049875F /* fb-paper */ = {
			isa = PBXNativeTarget;
			buildConfigurationList = 06F9B4CE1966036B0049875F /* Build configuration list for PBXNativeTarget "fb-paper" */;
			buildPhases = (
				06F9B49E1966036B0049875F /* Sources */,
				06F9B49F1966036B0049875F /* Frameworks */,
				06F9B4A01966036B0049875F /* Resources */,
			);
			buildRules = (
			);
			dependencies = (
			);
			name = "fb-paper";
			productName = "fb-paper";
			productReference = 06F9B4A21966036B0049875F /* fb-paper.app */;
			productType = "com.apple.product-type.application";
		};
		06F9B4BC1966036B0049875F /* fb-paperTests */ = {
			isa = PBXNativeTarget;
			buildConfigurationList = 06F9B4D11966036B0049875F /* Build configuration list for PBXNativeTarget "fb-paperTests" */;
			buildPhases = (
				06F9B4B91966036B0049875F /* Sources */,
				06F9B4BA1966036B0049875F /* Frameworks */,
				06F9B4BB1966036B0049875F /* Resources */,
			);
			buildRules = (
			);
			dependencies = (
				06F9B4C31966036B0049875F /* PBXTargetDependency */,
			);
			name = "fb-paperTests";
			productName = "fb-paperTests";
			productReference = 06F9B4BD1966036B0049875F /* fb-paperTests.xctest */;
			productType = "com.apple.product-type.bundle.unit-test";
		};
/* End PBXNativeTarget section */

/* Begin PBXProject section */
		06F9B49A1966036B0049875F /* Project object */ = {
			isa = PBXProject;
			attributes = {
				LastUpgradeCheck = 0510;
				ORGANIZATIONNAME = "Shiva Jaini";
				TargetAttributes = {
					06F9B4A11966036B0049875F = {
						DevelopmentTeam = 8V2H52F4UQ;
					};
					06F9B4BC1966036B0049875F = {
						TestTargetID = 06F9B4A11966036B0049875F;
					};
				};
			};
			buildConfigurationList = 06F9B49D1966036B0049875F /* Build configuration list for PBXProject "fb-paper" */;
			compatibilityVersion = "Xcode 3.2";
			developmentRegion = English;
			hasScannedForEncodings = 0;
			knownRegions = (
				en,
			);
			mainGroup = 06F9B4991966036B0049875F;
			productRefGroup = 06F9B4A31966036B0049875F /* Products */;
			projectDirPath = "";
			projectRoot = "";
			targets = (
				06F9B4A11966036B0049875F /* fb-paper */,
				06F9B4BC1966036B0049875F /* fb-paperTests */,
			);
		};
/* End PBXProject section */

/* Begin PBXResourcesBuildPhase section */
		06F9B4A01966036B0049875F /* Resources */ = {
			isa = PBXResourcesBuildPhase;
			buildActionMask = 2147483647;
			files = (
				06F9B4B01966036B0049875F /* InfoPlist.strings in Resources */,
				06F9B4D81966038C0049875F /* MainViewController.xib in Resources */,
				06F9B4B81966036B0049875F /* Images.xcassets in Resources */,
			);
			runOnlyForDeploymentPostprocessing = 0;
		};
		06F9B4BB1966036B0049875F /* Resources */ = {
			isa = PBXResourcesBuildPhase;
			buildActionMask = 2147483647;
			files = (
				06F9B4C91966036B0049875F /* InfoPlist.strings in Resources */,
			);
			runOnlyForDeploymentPostprocessing = 0;
		};
/* End PBXResourcesBuildPhase section */

/* Begin PBXSourcesBuildPhase section */
		06F9B49E1966036B0049875F /* Sources */ = {
			isa = PBXSourcesBuildPhase;
			buildActionMask = 2147483647;
			files = (
				06F9B4B61966036B0049875F /* AppDelegate.m in Sources */,
				06F9B4D71966038C0049875F /* MainViewController.m in Sources */,
				06F9B4B21966036B0049875F /* main.m in Sources */,
			);
			runOnlyForDeploymentPostprocessing = 0;
		};
		06F9B4B91966036B0049875F /* Sources */ = {
			isa = PBXSourcesBuildPhase;
			buildActionMask = 2147483647;
			files = (
				06F9B4CB1966036B0049875F /* fb_paperTests.m in Sources */,
			);
			runOnlyForDeploymentPostprocessing = 0;
		};
/* End PBXSourcesBuildPhase section */

/* Begin PBXTargetDependency section */
		06F9B4C31966036B0049875F /* PBXTargetDependency */ = {
			isa = PBXTargetDependency;
			target = 06F9B4A11966036B0049875F /* fb-paper */;
			targetProxy = 06F9B4C21966036B0049875F /* PBXContainerItemProxy */;
		};
/* End PBXTargetDependency section */

/* Begin PBXVariantGroup section */
		06F9B4AE1966036B0049875F /* InfoPlist.strings */ = {
			isa = PBXVariantGroup;
			children = (
				06F9B4AF1966036B0049875F /* en */,
			);
			name = InfoPlist.strings;
			sourceTree = "<group>";
		};
		06F9B4C71966036B0049875F /* InfoPlist.strings */ = {
			isa = PBXVariantGroup;
			children = (
				06F9B4C81966036B0049875F /* en */,
			);
			name = InfoPlist.strings;
			sourceTree = "<group>";
		};
/* End PBXVariantGroup section */

/* Begin XCBuildConfiguration section */
		06F9B4CC1966036B0049875F /* Debug */ = {
			isa = XCBuildConfiguration;
			buildSettings = {
				ALWAYS_SEARCH_USER_PATHS = NO;
				CLANG_CXX_LANGUAGE_STANDARD = "gnu++0x";
				CLANG_CXX_LIBRARY = "libc++";
				CLANG_ENABLE_MODULES = YES;
				CLANG_ENABLE_OBJC_ARC = YES;
				CLANG_WARN_BOOL_CONVERSION = YES;
				CLANG_WARN_CONSTANT_CONVERSION = YES;
				CLANG_WARN_DIRECT_OBJC_ISA_USAGE = YES_ERROR;
				CLANG_WARN_EMPTY_BODY = YES;
				CLANG_WARN_ENUM_CONVERSION = YES;
				CLANG_WARN_INT_CONVERSION = YES;
				CLANG_WARN_OBJC_ROOT_CLASS = YES_ERROR;
				CLANG_WARN__DUPLICATE_METHOD_MATCH = YES;
				"CODE_SIGN_IDENTITY[sdk=iphoneos*]" = "iPhone Developer";
				COPY_PHASE_STRIP = NO;
				GCC_C_LANGUAGE_STANDARD = gnu99;
				GCC_DYNAMIC_NO_PIC = NO;
				GCC_OPTIMIZATION_LEVEL = 0;
				GCC_PREPROCESSOR_DEFINITIONS = (
					"DEBUG=1",
					"$(inherited)",
				);
				GCC_SYMBOLS_PRIVATE_EXTERN = NO;
				GCC_WARN_64_TO_32_BIT_CONVERSION = YES;
				GCC_WARN_ABOUT_RETURN_TYPE = YES_ERROR;
				GCC_WARN_UNDECLARED_SELECTOR = YES;
				GCC_WARN_UNINITIALIZED_AUTOS = YES_AGGRESSIVE;
				GCC_WARN_UNUSED_FUNCTION = YES;
				GCC_WARN_UNUSED_VARIABLE = YES;
				IPHONEOS_DEPLOYMENT_TARGET = 7.1;
				ONLY_ACTIVE_ARCH = YES;
				SDKROOT = iphoneos;
			};
			name = Debug;
		};
		06F9B4CD1966036B0049875F /* Release */ = {
			isa = XCBuildConfiguration;
			buildSettings = {
				ALWAYS_SEARCH_USER_PATHS = NO;
				CLANG_CXX_LANGUAGE_STANDARD = "gnu++0x";
				CLANG_CXX_LIBRARY = "libc++";
				CLANG_ENABLE_MODULES = YES;
				CLANG_ENABLE_OBJC_ARC = YES;
				CLANG_WARN_BOOL_CONVERSION = YES;
				CLANG_WARN_CONSTANT_CONVERSION = YES;
				CLANG_WARN_DIRECT_OBJC_ISA_USAGE = YES_ERROR;
				CLANG_WARN_EMPTY_BODY = YES;
				CLANG_WARN_ENUM_CONVERSION = YES;
				CLANG_WARN_INT_CONVERSION = YES;
				CLANG_WARN_OBJC_ROOT_CLASS = YES_ERROR;
				CLANG_WARN__DUPLICATE_METHOD_MATCH = YES;
				"CODE_SIGN_IDENTITY[sdk=iphoneos*]" = "iPhone Developer";
				COPY_PHASE_STRIP = YES;
				ENABLE_NS_ASSERTIONS = NO;
				GCC_C_LANGUAGE_STANDARD = gnu99;
				GCC_WARN_64_TO_32_BIT_CONVERSION = YES;
				GCC_WARN_ABOUT_RETURN_TYPE = YES_ERROR;
				GCC_WARN_UNDECLARED_SELECTOR = YES;
				GCC_WARN_UNINITIALIZED_AUTOS = YES_AGGRESSIVE;
				GCC_WARN_UNUSED_FUNCTION = YES;
				GCC_WARN_UNUSED_VARIABLE = YES;
				IPHONEOS_DEPLOYMENT_TARGET = 7.1;
				SDKROOT = iphoneos;
				VALIDATE_PRODUCT = YES;
			};
			name = Release;
		};
		06F9B4CF1966036B0049875F /* Debug */ = {
			isa = XCBuildConfiguration;
			buildSettings = {
				ASSETCATALOG_COMPILER_APPICON_NAME = AppIcon;
				ASSETCATALOG_COMPILER_LAUNCHIMAGE_NAME = LaunchImage;
				CODE_SIGN_IDENTITY = "iPhone Developer";
				"CODE_SIGN_IDENTITY[sdk=iphoneos*]" = "iPhone Developer";
				GCC_PRECOMPILE_PREFIX_HEADER = YES;
				GCC_PREFIX_HEADER = "fb-paper/fb-paper-Prefix.pch";
				INFOPLIST_FILE = "fb-paper/fb-paper-Info.plist";
				PRODUCT_NAME = "$(TARGET_NAME)";
				PROVISIONING_PROFILE = "";
				WRAPPER_EXTENSION = app;
			};
			name = Debug;
		};
		06F9B4D01966036B0049875F /* Release */ = {
			isa = XCBuildConfiguration;
			buildSettings = {
				ASSETCATALOG_COMPILER_APPICON_NAME = AppIcon;
				ASSETCATALOG_COMPILER_LAUNCHIMAGE_NAME = LaunchImage;
				CODE_SIGN_IDENTITY = "iPhone Developer";
				"CODE_SIGN_IDENTITY[sdk=iphoneos*]" = "iPhone Developer";
				GCC_PRECOMPILE_PREFIX_HEADER = YES;
				GCC_PREFIX_HEADER = "fb-paper/fb-paper-Prefix.pch";
				INFOPLIST_FILE = "fb-paper/fb-paper-Info.plist";
				PRODUCT_NAME = "$(TARGET_NAME)";
				PROVISIONING_PROFILE = "";
				WRAPPER_EXTENSION = app;
			};
			name = Release;
		};
		06F9B4D21966036B0049875F /* Debug */ = {
			isa = XCBuildConfiguration;
			buildSettings = {
				BUNDLE_LOADER = "$(BUILT_PRODUCTS_DIR)/fb-paper.app/fb-paper";
				FRAMEWORK_SEARCH_PATHS = (
					"$(SDKROOT)/Developer/Library/Frameworks",
					"$(inherited)",
					"$(DEVELOPER_FRAMEWORKS_DIR)",
				);
				GCC_PRECOMPILE_PREFIX_HEADER = YES;
				GCC_PREFIX_HEADER = "fb-paper/fb-paper-Prefix.pch";
				GCC_PREPROCESSOR_DEFINITIONS = (
					"DEBUG=1",
					"$(inherited)",
				);
				INFOPLIST_FILE = "fb-paperTests/fb-paperTests-Info.plist";
				PRODUCT_NAME = "$(TARGET_NAME)";
				TEST_HOST = "$(BUNDLE_LOADER)";
				WRAPPER_EXTENSION = xctest;
			};
			name = Debug;
		};
		06F9B4D31966036B0049875F /* Release */ = {
			isa = XCBuildConfiguration;
			buildSettings = {
				BUNDLE_LOADER = "$(BUILT_PRODUCTS_DIR)/fb-paper.app/fb-paper";
				FRAMEWORK_SEARCH_PATHS = (
					"$(SDKROOT)/Developer/Library/Frameworks",
					"$(inherited)",
					"$(DEVELOPER_FRAMEWORKS_DIR)",
				);
				GCC_PRECOMPILE_PREFIX_HEADER = YES;
				GCC_PREFIX_HEADER = "fb-paper/fb-paper-Prefix.pch";
				INFOPLIST_FILE = "fb-paperTests/fb-paperTests-Info.plist";
				PRODUCT_NAME = "$(TARGET_NAME)";
				TEST_HOST = "$(BUNDLE_LOADER)";
				WRAPPER_EXTENSION = xctest;
			};
			name = Release;
		};
/* End XCBuildConfiguration section */

/* Begin XCConfigurationList section */
		06F9B49D1966036B0049875F /* Build configuration list for PBXProject "fb-paper" */ = {
			isa = XCConfigurationList;
			buildConfigurations = (
				06F9B4CC1966036B0049875F /* Debug */,
				06F9B4CD1966036B0049875F /* Release */,
			);
			defaultConfigurationIsVisible = 0;
			defaultConfigurationName = Release;
		};
		06F9B4CE1966036B0049875F /* Build configuration list for PBXNativeTarget "fb-paper" */ = {
			isa = XCConfigurationList;
			buildConfigurations = (
				06F9B4CF1966036B0049875F /* Debug */,
				06F9B4D01966036B0049875F /* Release */,
			);
			defaultConfigurationIsVisible = 0;
			defaultConfigurationName = Release;
		};
		06F9B4D11966036B0049875F /* Build configuration list for PBXNativeTarget "fb-paperTests" */ = {
			isa = XCConfigurationList;
			buildConfigurations = (
				06F9B4D21966036B0049875F /* Debug */,
				06F9B4D31966036B0049875F /* Release */,
			);
			defaultConfigurationIsVisible = 0;
			defaultConfigurationName = Release;
		};
/* End XCConfigurationList section */
	};
	rootObject = 06F9B49A1966036B0049875F /* Project object */;
}
